
Microsoft Visual Studio Solution File, Format Version 12.00
# Visual Studio Version 17
VisualStudioVersion = 17.9.34607.119
MinimumVisualStudioVersion = 10.0.40219.1
Project("{9A19103F-16F7-4668-BE54-9A1E7A4F7556}") = "Business", "Business\Business.csproj", "{E0C7AC04-AEB4-4409-96D4-8B8ABFEAE9F0}"
EndProject
Project("{9A19103F-16F7-4668-BE54-9A1E7A4F7556}") = "DataAccess", "DataAccess\DataAccess.csproj", "{783A9C73-0BC4-43ED-B8A9-A045C9998979}"
EndProject
Project("{9A19103F-16F7-4668-BE54-9A1E7A4F7556}") = "Core", "Core\Core.csproj", "{6AB56E42-EF85-42D6-BF73-FF828EA53D9F}"
EndProject
Project("{9A19103F-16F7-4668-BE54-9A1E7A4F7556}") = "Entities", "Entities\Entities.csproj", "{40C9D267-F0E1-421E-A946-A04B06ED3217}"
EndProject
Project("{FAE04EC0-301F-11D3-BF4B-00C04F79EFBC}") = "WebAPI", "WebAPI\WebAPI.csproj", "{FAB64EE9-8530-4027-954C-C8E535808A0C}"
EndProject
Global
	GlobalSection(SolutionConfigurationPlatforms) = preSolution
		Debug|Any CPU = Debug|Any CPU
		Release|Any CPU = Release|Any CPU
	EndGlobalSection
	GlobalSection(ProjectConfigurationPlatforms) = postSolution
		{E0C7AC04-AEB4-4409-96D4-8B8ABFEAE9F0}.Debug|Any CPU.ActiveCfg = Debug|Any CPU
		{E0C7AC04-AEB4-4409-96D4-8B8ABFEAE9F0}.Debug|Any CPU.Build.0 = Debug|Any CPU
		{E0C7AC04-AEB4-4409-96D4-8B8ABFEAE9F0}.Release|Any CPU.ActiveCfg = Release|Any CPU
		{E0C7AC04-AEB4-4409-96D4-8B8ABFEAE9F0}.Release|Any CPU.Build.0 = Release|Any CPU
		{783A9C73-0BC4-43ED-B8A9-A045C9998979}.Debug|Any CPU.ActiveCfg = Debug|Any CPU
		{783A9C73-0BC4-43ED-B8A9-A045C9998979}.Debug|Any CPU.Build.0 = Debug|Any CPU
		{783A9C73-0BC4-43ED-B8A9-A045C9998979}.Release|Any CPU.ActiveCfg = Release|Any CPU
		{783A9C73-0BC4-43ED-B8A9-A045C9998979}.Release|Any CPU.Build.0 = Release|Any CPU
		{6AB56E42-EF85-42D6-BF73-FF828EA53D9F}.Debug|Any CPU.ActiveCfg = Debug|Any CPU
		{6AB56E42-EF85-42D6-BF73-FF828EA53D9F}.Debug|Any CPU.Build.0 = Debug|Any CPU
		{6AB56E42-EF85-42D6-BF73-FF828EA53D9F}.Release|Any CPU.ActiveCfg = Release|Any CPU
		{6AB56E42-EF85-42D6-BF73-FF828EA53D9F}.Release|Any CPU.Build.0 = Release|Any CPU
		{40C9D267-F0E1-421E-A946-A04B06ED3217}.Debug|Any CPU.ActiveCfg = Debug|Any CPU
		{40C9D267-F0E1-421E-A946-A04B06ED3217}.Debug|Any CPU.Build.0 = Debug|Any CPU
		{40C9D267-F0E1-421E-A946-A04B06ED3217}.Release|Any CPU.ActiveCfg = Release|Any CPU
		{40C9D267-F0E1-421E-A946-A04B06ED3217}.Release|Any CPU.Build.0 = Release|Any CPU
		{FAB64EE9-8530-4027-954C-C8E535808A0C}.Debug|Any CPU.ActiveCfg = Debug|Any CPU
		{FAB64EE9-8530-4027-954C-C8E535808A0C}.Debug|Any CPU.Build.0 = Debug|Any CPU
		{FAB64EE9-8530-4027-954C-C8E535808A0C}.Release|Any CPU.ActiveCfg = Release|Any CPU
		{FAB64EE9-8530-4027-954C-C8E535808A0C}.Release|Any CPU.Build.0 = Release|Any CPU
	EndGlobalSection
	GlobalSection(SolutionProperties) = preSolution
		HideSolutionNode = FALSE
	EndGlobalSection
	GlobalSection(ExtensibilityGlobals) = postSolution
		SolutionGuid = {8098808A-1EAC-421A-B165-8E2B7921FA7B}
	EndGlobalSection
EndGlobal
